// !$*UTF8*$!
{
	archiveVersion = 1;
	classes = {
	};
	objectVersion = 50;
	objects = {

/* Begin PBXBuildFile section */
		5AAED9D0215F2269005672D1 /* AppDelegate.m in Sources */ = {isa = PBXBuildFile; fileRef = 5AAED9CF215F2269005672D1 /* AppDelegate.m */; };
		5AAED9D3215F2269005672D1 /* ViewController.m in Sources */ = {isa = PBXBuildFile; fileRef = 5AAED9D2215F2269005672D1 /* ViewController.m */; };
		5AAED9D6215F2269005672D1 /* Main.storyboard in Resources */ = {isa = PBXBuildFile; fileRef = 5AAED9D4215F2269005672D1 /* Main.storyboard */; };
		5AAED9D8215F226A005672D1 /* Assets.xcassets in Resources */ = {isa = PBXBuildFile; fileRef = 5AAED9D7215F226A005672D1 /* Assets.xcassets */; };
		5AAED9DB215F226A005672D1 /* LaunchScreen.storyboard in Resources */ = {isa = PBXBuildFile; fileRef = 5AAED9D9215F226A005672D1 /* LaunchScreen.storyboard */; };
		5AAED9DE215F226A005672D1 /* main.m in Sources */ = {isa = PBXBuildFile; fileRef = 5AAED9DD215F226A005672D1 /* main.m */; };
		CD842E4BC100B8E50DF2D68B /* libPods-MasonryLeadingTrailing.a in Frameworks */ = {isa = PBXBuildFile; fileRef = ED7CCA4F295016DE9CAB0DFE /* libPods-MasonryLeadingTrailing.a */; };
/* End PBXBuildFile section */

/* Begin PBXFileReference section */
		1C412FBD022AB72D8668825B /* Pods-MasonryLeadingTrailing.release.xcconfig */ = {isa = PBXFileReference; includeInIndex = 1; lastKnownFileType = text.xcconfig; name = "Pods-MasonryLeadingTrailing.release.xcconfig"; path = "Pods/Target Support Files/Pods-MasonryLeadingTrailing/Pods-MasonryLeadingTrailing.release.xcconfig"; sourceTree = "<group>"; };
		5A497650215F541600E2A7BE /* ar */ = {isa = PBXFileReference; lastKnownFileType = text.plist.strings; name = ar; path = ar.lproj/Main.strings; sourceTree = "<group>"; };
		5A497651215F541600E2A7BE /* ar */ = {isa = PBXFileReference; lastKnownFileType = text.plist.strings; name = ar; path = ar.lproj/LaunchScreen.strings; sourceTree = "<group>"; };
		5AAED9CB215F2269005672D1 /* MasonryLeadingTrailing.app */ = {isa = PBXFileReference; explicitFileType = wrapper.application; includeInIndex = 0; path = MasonryLeadingTrailing.app; sourceTree = BUILT_PRODUCTS_DIR; };
		5AAED9CE215F2269005672D1 /* AppDelegate.h */ = {isa = PBXFileReference; lastKnownFileType = sourcecode.c.h; path = AppDelegate.h; sourceTree = "<group>"; };
		5AAED9CF215F2269005672D1 /* AppDelegate.m */ = {isa = PBXFileReference; lastKnownFileType = sourcecode.c.objc; path = AppDelegate.m; sourceTree = "<group>"; };
		5AAED9D1215F2269005672D1 /* ViewController.h */ = {isa = PBXFileReference; lastKnownFileType = sourcecode.c.h; path = ViewController.h; sourceTree = "<group>"; };
		5AAED9D2215F2269005672D1 /* ViewController.m */ = {isa = PBXFileReference; lastKnownFileType = sourcecode.c.objc; path = ViewController.m; sourceTree = "<group>"; };
		5AAED9D5215F2269005672D1 /* Base */ = {isa = PBXFileReference; lastKnownFileType = file.storyboard; name = Base; path = Base.lproj/Main.storyboard; sourceTree = "<group>"; };
		5AAED9D7215F226A005672D1 /* Assets.xcassets */ = {isa = PBXFileReference; lastKnownFileType = folder.assetcatalog; path = Assets.xcassets; sourceTree = "<group>"; };
		5AAED9DA215F226A005672D1 /* Base */ = {isa = PBXFileReference; lastKnownFileType = file.storyboard; name = Base; path = Base.lproj/LaunchScreen.storyboard; sourceTree = "<group>"; };
		5AAED9DC215F226A005672D1 /* Info.plist */ = {isa = PBXFileReference; lastKnownFileType = text.plist.xml; path = Info.plist; sourceTree = "<group>"; };
		5AAED9DD215F226A005672D1 /* main.m */ = {isa = PBXFileReference; lastKnownFileType = sourcecode.c.objc; path = main.m; sourceTree = "<group>"; };
		5AE73FD32160C9A400910297 /* he-IL */ = {isa = PBXFileReference; lastKnownFileType = text.plist.strings; name = "he-IL"; path = "he-IL.lproj/Main.strings"; sourceTree = "<group>"; };
		5AE73FD42160C9A400910297 /* he-IL */ = {isa = PBXFileReference; lastKnownFileType = text.plist.strings; name = "he-IL"; path = "he-IL.lproj/LaunchScreen.strings"; sourceTree = "<group>"; };
		682F5C004F3D3D30012EEB0A /* Pods-MasonryLeadingTrailing.debug.xcconfig */ = {isa = PBXFileReference; includeInIndex = 1; lastKnownFileType = text.xcconfig; name = "Pods-MasonryLeadingTrailing.debug.xcconfig"; path = "Pods/Target Support Files/Pods-MasonryLeadingTrailing/Pods-MasonryLeadingTrailing.debug.xcconfig"; sourceTree = "<group>"; };
		ED7CCA4F295016DE9CAB0DFE /* libPods-MasonryLeadingTrailing.a */ = {isa = PBXFileReference; explicitFileType = archive.ar; includeInIndex = 0; path = "libPods-MasonryLeadingTrailing.a"; sourceTree = BUILT_PRODUCTS_DIR; };
/* End PBXFileReference section */

/* Begin PBXFrameworksBuildPhase section */
		5AAED9C8215F2269005672D1 /* Frameworks */ = {
			isa = PBXFrameworksBuildPhase;
			buildActionMask = 2147483647;
			files = (
				CD842E4BC100B8E50DF2D68B /* libPods-MasonryLeadingTrailing.a in Frameworks */,
			);
			runOnlyForDeploymentPostprocessing = 0;
		};
/* End PBXFrameworksBuildPhase section */

/* Begin PBXGroup section */
		5AAED9C2215F2269005672D1 = {
			isa = PBXGroup;
			children = (
				5AAED9CD215F2269005672D1 /* MasonryLeadingTrailing */,
				5AAED9CC215F2269005672D1 /* Products */,
				F40B82357093CEC8984648BE /* Pods */,
				E630D088A27CE516132C6BA8 /* Frameworks */,
			);
			sourceTree = "<group>";
		};
		5AAED9CC215F2269005672D1 /* Products */ = {
			isa = PBXGroup;
			children = (
				5AAED9CB215F2269005672D1 /* MasonryLeadingTrailing.app */,
			);
			name = Products;
			sourceTree = "<group>";
		};
		5AAED9CD215F2269005672D1 /* MasonryLeadingTrailing */ = {
			isa = PBXGroup;
			children = (
				5AAED9CE215F2269005672D1 /* AppDelegate.h */,
				5AAED9CF215F2269005672D1 /* AppDelegate.m */,
				5AAED9D1215F2269005672D1 /* ViewController.h */,
				5AAED9D2215F2269005672D1 /* ViewController.m */,
				5AAED9D4215F2269005672D1 /* Main.storyboard */,
				5AAED9D7215F226A005672D1 /* Assets.xcassets */,
				5AAED9D9215F226A005672D1 /* LaunchScreen.storyboard */,
				5AAED9DC215F226A005672D1 /* Info.plist */,
				5AAED9DD215F226A005672D1 /* main.m */,
			);
			path = MasonryLeadingTrailing;
			sourceTree = "<group>";
		};
		E630D088A27CE516132C6BA8 /* Frameworks */ = {
			isa = PBXGroup;
			children = (
				ED7CCA4F295016DE9CAB0DFE /* libPods-MasonryLeadingTrailing.a */,
			);
			name = Frameworks;
			sourceTree = "<group>";
		};
		F40B82357093CEC8984648BE /* Pods */ = {
			isa = PBXGroup;
			children = (
				682F5C004F3D3D30012EEB0A /* Pods-MasonryLeadingTrailing.debug.xcconfig */,
				1C412FBD022AB72D8668825B /* Pods-MasonryLeadingTrailing.release.xcconfig */,
			);
			name = Pods;
			sourceTree = "<group>";
		};
/* End PBXGroup section */

/* Begin PBXNativeTarget section */
		5AAED9CA215F2269005672D1 /* MasonryLeadingTrailing */ = {
			isa = PBXNativeTarget;
			buildConfigurationList = 5AAED9E1215F226A005672D1 /* Build configuration list for PBXNativeTarget "MasonryLeadingTrailing" */;
			buildPhases = (
				E2643483397F508F047D61BE /* [CP] Check Pods Manifest.lock */,
				5AAED9C7215F2269005672D1 /* Sources */,
				5AAED9C8215F2269005672D1 /* Frameworks */,
				5AAED9C9215F2269005672D1 /* Resources */,
			);
			buildRules = (
			);
			dependencies = (
			);
			name = MasonryLeadingTrailing;
			productName = MasonryLeadingTrailing;
			productReference = 5AAED9CB215F2269005672D1 /* MasonryLeadingTrailing.app */;
			productType = "com.apple.product-type.application";
		};
/* End PBXNativeTarget section */

/* Begin PBXProject section */
		5AAED9C3215F2269005672D1 /* Project object */ = {
			isa = PBXProject;
			attributes = {
				LastUpgradeCheck = 1000;
				ORGANIZATIONNAME = mzying.com;
				TargetAttributes = {
					5AAED9CA215F2269005672D1 = {
						CreatedOnToolsVersion = 10.0;
					};
				};
			};
			buildConfigurationList = 5AAED9C6215F2269005672D1 /* Build configuration list for PBXProject "MasonryLeadingTrailing" */;
			compatibilityVersion = "Xcode 9.3";
			developmentRegion = en;
			hasScannedForEncodings = 0;
			knownRegions = (
				en,
				Base,
			);
			mainGroup = 5AAED9C2215F2269005672D1;
			productRefGroup = 5AAED9CC215F2269005672D1 /* Products */;
			projectDirPath = "";
			projectRoot = "";
			targets = (
				5AAED9CA215F2269005672D1 /* MasonryLeadingTrailing */,
			);
		};
/* End PBXProject section */

/* Begin PBXResourcesBuildPhase section */
		5AAED9C9215F2269005672D1 /* Resources */ = {
			isa = PBXResourcesBuildPhase;
			buildActionMask = 2147483647;
			files = (
				5AAED9DB215F226A005672D1 /* LaunchScreen.storyboard in Resources */,
				5AAED9D8215F226A005672D1 /* Assets.xcassets in Resources */,
				5AAED9D6215F2269005672D1 /* Main.storyboard in Resources */,
			);
			runOnlyForDeploymentPostprocessing = 0;
		};
/* End PBXResourcesBuildPhase section */

/* Begin PBXShellScriptBuildPhase section */
		E2643483397F508F047D61BE /* [CP] Check Pods Manifest.lock */ = {
			isa = PBXShellScriptBuildPhase;
			buildActionMask = 2147483647;
			files = (
			);
			inputFileListPaths = (
			);
			inputPaths = (
				"${PODS_PODFILE_DIR_PATH}/Podfile.lock",
				"${PODS_ROOT}/Manifest.lock",
			);
			name = "[CP] Check Pods Manifest.lock";
			outputFileListPaths = (
			);
			outputPaths = (
				"$(DERIVED_FILE_DIR)/Pods-MasonryLeadingTrailing-checkManifestLockResult.txt",
			);
			runOnlyForDeploymentPostprocessing = 0;
			shellPath = /bin/sh;
			shellScript = "diff \"${PODS_PODFILE_DIR_PATH}/Podfile.lock\" \"${PODS_ROOT}/Manifest.lock\" > /dev/null\nif [ $? != 0 ] ; then\n    # print error to STDERR\n    echo \"error: The sandbox is not in sync with the Podfile.lock. Run 'pod install' or update your CocoaPods installation.\" >&2\n    exit 1\nfi\n# This output is used by Xcode 'outputs' to avoid re-running this script phase.\necho \"SUCCESS\" > \"${SCRIPT_OUTPUT_FILE_0}\"\n";
			showEnvVarsInLog = 0;
		};
/* End PBXShellScriptBuildPhase section */

/* Begin PBXSourcesBuildPhase section */
		5AAED9C7215F2269005672D1 /* Sources */ = {
			isa = PBXSourcesBuildPhase;
			buildActionMask = 2147483647;
			files = (
				5AAED9D3215F2269005672D1 /* ViewController.m in Sources */,
				5AAED9DE215F226A005672D1 /* main.m in Sources */,
				5AAED9D0215F2269005672D1 /* AppDelegate.m in Sources */,
			);
			runOnlyForDeploymentPostprocessing = 0;
		};
/* End PBXSourcesBuildPhase section */

/* Begin PBXVariantGroup section */
		5AAED9D4215F2269005672D1 /* Main.storyboard */ = {
			isa = PBXVariantGroup;
			children = (
				5AAED9D5215F2269005672D1 /* Base */,
				5A497650215F541600E2A7BE /* ar */,
				5AE73FD32160C9A400910297 /* he-IL */,
			);
			name = Main.storyboard;
			sourceTree = "<group>";
		};
		5AAED9D9215F226A005672D1 /* LaunchScreen.storyboard */ = {
			isa = PBXVariantGroup;
			children = (
				5AAED9DA215F226A005672D1 /* Base */,
				5A497651215F541600E2A7BE /* ar */,
				5AE73FD42160C9A400910297 /* he-IL */,
			);
			name = LaunchScreen.storyboard;
			sourceTree = "<group>";
		};
/* End PBXVariantGroup section */

/* Begin XCBuildConfiguration section */
		5AAED9DF215F226A005672D1 /* Debug */ = {
			isa = XCBuildConfiguration;
			buildSettings = {
				ALWAYS_SEARCH_USER_PATHS = NO;
				CLANG_ANALYZER_LOCALIZABILITY_NONLOCALIZED = YES;
				CLANG_ANALYZER_NONNULL = YES;
				CLANG_ANALYZER_NUMBER_OBJECT_CONVERSION = YES_AGGRESSIVE;
				CLANG_CXX_LANGUAGE_STANDARD = "gnu++14";
				CLANG_CXX_LIBRARY = "libc++";
				CLANG_ENABLE_MODULES = YES;
				CLANG_ENABLE_OBJC_ARC = YES;
				CLANG_ENABLE_OBJC_WEAK = YES;
				CLANG_WARN_BLOCK_CAPTURE_AUTORELEASING = YES;
				CLANG_WARN_BOOL_CONVERSION = YES;
				CLANG_WARN_COMMA = YES;
				CLANG_WARN_CONSTANT_CONVERSION = YES;
				CLANG_WARN_DEPRECATED_OBJC_IMPLEMENTATIONS = YES;
				CLANG_WARN_DIRECT_OBJC_ISA_USAGE = YES_ERROR;
				CLANG_WARN_DOCUMENTATION_COMMENTS = YES;
				CLANG_WARN_EMPTY_BODY = YES;
				CLANG_WARN_ENUM_CONVERSION = YES;
				CLANG_WARN_INFINITE_RECURSION = YES;
				CLANG_WARN_INT_CONVERSION = YES;
				CLANG_WARN_NON_LITERAL_NULL_CONVERSION = YES;
				CLANG_WARN_OBJC_IMPLICIT_RETAIN_SELF = YES;
				CLANG_WARN_OBJC_LITERAL_CONVERSION = YES;
				CLANG_WARN_OBJC_ROOT_CLASS = YES_ERROR;
				CLANG_WARN_RANGE_LOOP_ANALYSIS = YES;
				CLANG_WARN_STRICT_PROTOTYPES = YES;
				CLANG_WARN_SUSPICIOUS_MOVE = YES;
				CLANG_WARN_UNGUARDED_AVAILABILITY = YES_AGGRESSIVE;
				CLANG_WARN_UNREACHABLE_CODE = YES;
				CLANG_WARN__DUPLICATE_METHOD_MATCH = YES;
				CODE_SIGN_IDENTITY = "iPhone Developer";
				COPY_PHASE_STRIP = NO;
				DEBUG_INFORMATION_FORMAT = dwarf;
				ENABLE_STRICT_OBJC_MSGSEND = YES;
				ENABLE_TESTABILITY = YES;
				GCC_C_LANGUAGE_STANDARD = gnu11;
				GCC_DYNAMIC_NO_PIC = NO;
				GCC_NO_COMMON_BLOCKS = YES;
				GCC_OPTIMIZATION_LEVEL = 0;
				GCC_PREPROCESSOR_DEFINITIONS = (
					"DEBUG=1",
					"$(inherited)",
				);
				GCC_WARN_64_TO_32_BIT_CONVERSION = YES;
				GCC_WARN_ABOUT_RETURN_TYPE = YES_ERROR;
				GCC_WARN_UNDECLARED_SELECTOR = YES;
				GCC_WARN_UNINITIALIZED_AUTOS = YES_AGGRESSIVE;
				GCC_WARN_UNUSED_FUNCTION = YES;
				GCC_WARN_UNUSED_VARIABLE = YES;
				IPHONEOS_DEPLOYMENT_TARGET = 12.0;
				MTL_ENABLE_DEBUG_INFO = INCLUDE_SOURCE;
				MTL_FAST_MATH = YES;
				ONLY_ACTIVE_ARCH = YES;
				SDKROOT = iphoneos;
			};
			name = Debug;
		};
		5AAED9E0215F226A005672D1 /* Release */ = {
			isa = XCBuildConfiguration;
			buildSettings = {
				ALWAYS_SEARCH_USER_PATHS = NO;
				CLANG_ANALYZER_LOCALIZABILITY_NONLOCALIZED = YES;
				CLANG_ANALYZER_NONNULL = YES;
				CLANG_ANALYZER_NUMBER_OBJECT_CONVERSION = YES_AGGRESSIVE;
				CLANG_CXX_LANGUAGE_STANDARD = "gnu++14";
				CLANG_CXX_LIBRARY = "libc++";
				CLANG_ENABLE_MODULES = YES;
				CLANG_ENABLE_OBJC_ARC = YES;
				CLANG_ENABLE_OBJC_WEAK = YES;
				CLANG_WARN_BLOCK_CAPTURE_AUTORELEASING = YES;
				CLANG_WARN_BOOL_CONVERSION = YES;
				CLANG_WARN_COMMA = YES;
				CLANG_WARN_CONSTANT_CONVERSION = YES;
				CLANG_WARN_DEPRECATED_OBJC_IMPLEMENTATIONS = YES;
				CLANG_WARN_DIRECT_OBJC_ISA_USAGE = YES_ERROR;
				CLANG_WARN_DOCUMENTATION_COMMENTS = YES;
				CLANG_WARN_EMPTY_BODY = YES;
				CLANG_WARN_ENUM_CONVERSION = YES;
				CLANG_WARN_INFINITE_RECURSION = YES;
				CLANG_WARN_INT_CONVERSION = YES;
				CLANG_WARN_NON_LITERAL_NULL_CONVERSION = YES;
				CLANG_WARN_OBJC_IMPLICIT_RETAIN_SELF = YES;
				CLANG_WARN_OBJC_LITERAL_CONVERSION = YES;
				CLANG_WARN_OBJC_ROOT_CLASS = YES_ERROR;
				CLANG_WARN_RANGE_LOOP_ANALYSIS = YES;
				CLANG_WARN_STRICT_PROTOTYPES = YES;
				CLANG_WARN_SUSPICIOUS_MOVE = YES;
				CLANG_WARN_UNGUARDED_AVAILABILITY = YES_AGGRESSIVE;
				CLANG_WARN_UNREACHABLE_CODE = YES;
				CLANG_WARN__DUPLICATE_METHOD_MATCH = YES;
				CODE_SIGN_IDENTITY = "iPhone Developer";
				COPY_PHASE_STRIP = NO;
				DEBUG_INFORMATION_FORMAT = "dwarf-with-dsym";
				ENABLE_NS_ASSERTIONS = NO;
				ENABLE_STRICT_OBJC_MSGSEND = YES;
				GCC_C_LANGUAGE_STANDARD = gnu11;
				GCC_NO_COMMON_BLOCKS = YES;
				GCC_WARN_64_TO_32_BIT_CONVERSION = YES;
				GCC_WARN_ABOUT_RETURN_TYPE = YES_ERROR;
				GCC_WARN_UNDECLARED_SELECTOR = YES;
				GCC_WARN_UNINITIALIZED_AUTOS = YES_AGGRESSIVE;
				GCC_WARN_UNUSED_FUNCTION = YES;
				GCC_WARN_UNUSED_VARIABLE = YES;
				IPHONEOS_DEPLOYMENT_TARGET = 12.0;
				MTL_ENABLE_DEBUG_INFO = NO;
				MTL_FAST_MATH = YES;
				SDKROOT = iphoneos;
				VALIDATE_PRODUCT = YES;
			};
			name = Release;
		};
		5AAED9E2215F226A005672D1 /* Debug */ = {
			isa = XCBuildConfiguration;
			baseConfigurationReference = 682F5C004F3D3D30012EEB0A /* Pods-MasonryLeadingTrailing.debug.xcconfig */;
			buildSettings = {
				ASSETCATALOG_COMPILER_APPICON_NAME = AppIcon;
				CODE_SIGN_STYLE = Manual;
				DEVELOPMENT_TEAM = "";
				INFOPLIST_FILE = MasonryLeadingTrailing/Info.plist;
				IPHONEOS_DEPLOYMENT_TARGET = 9.0;
				LD_RUNPATH_SEARCH_PATHS = (
					"$(inherited)",
					"@executable_path/Frameworks",
				);
				PRODUCT_BUNDLE_IDENTIFIER = mzying.com.MasonryLeadingTrailing;
				PRODUCT_NAME = "$(TARGET_NAME)";
				PROVISIONING_PROFILE_SPECIFIER = "";
				TARGETED_DEVICE_FAMILY = "1,2";
			};
			name = Debug;
		};
		5AAED9E3215F226A005672D1 /* Release */ = {
			isa = XCBuildConfiguration;
			baseConfigurationReference = 1C412FBD022AB72D8668825B /* Pods-MasonryLeadingTrailing.release.xcconfig */;
			buildSettings = {
				ASSETCATALOG_COMPILER_APPICON_NAME = AppIcon;
				CODE_SIGN_STYLE = Manual;
				DEVELOPMENT_TEAM = "";
				INFOPLIST_FILE = MasonryLeadingTrailing/Info.plist;
				IPHONEOS_DEPLOYMENT_TARGET = 9.0;
				LD_RUNPATH_SEARCH_PATHS = (
					"$(inherited)",
					"@executable_path/Frameworks",
				);
				PRODUCT_BUNDLE_IDENTIFIER = mzying.com.MasonryLeadingTrailing;
				PRODUCT_NAME = "$(TARGET_NAME)";
				PROVISIONING_PROFILE_SPECIFIER = "";
				TARGETED_DEVICE_FAMILY = "1,2";
			};
			name = Release;
		};
/* End XCBuildConfiguration section */

/* Begin XCConfigurationList section */
		5AAED9C6215F2269005672D1 /* Build configuration list for PBXProject "MasonryLeadingTrailing" */ = {
			isa = XCConfigurationList;
			buildConfigurations = (
				5AAED9DF215F226A005672D1 /* Debug */,
				5AAED9E0215F226A005672D1 /* Release */,
			);
			defaultConfigurationIsVisible = 0;
			defaultConfigurationName = Release;
		};
		5AAED9E1215F226A005672D1 /* Build configuration list for PBXNativeTarget "MasonryLeadingTrailing" */ = {
			isa = XCConfigurationList;
			buildConfigurations = (
				5AAED9E2215F226A005672D1 /* Debug */,
				5AAED9E3215F226A005672D1 /* Release */,
			);
			defaultConfigurationIsVisible = 0;
			defaultConfigurationName = Release;
		};
/* End XCConfigurationList section */
	};
	rootObject = 5AAED9C3215F2269005672D1 /* Project object */;
}
